// !$*UTF8*$!
{
	archiveVersion = 1;
	classes = {
	};
	objectVersion = 56;
	objects = {

/* Begin PBXBuildFile section */
		2883402A2C108EB70032D97A /* MarvelUIApp.swift in Sources */ = {isa = PBXBuildFile; fileRef = 288340292C108EB70032D97A /* MarvelUIApp.swift */; };
		2883402C2C108EB70032D97A /* HomeView.swift in Sources */ = {isa = PBXBuildFile; fileRef = 2883402B2C108EB70032D97A /* HomeView.swift */; };
		2883402E2C108EB90032D97A /* Assets.xcassets in Resources */ = {isa = PBXBuildFile; fileRef = 2883402D2C108EB90032D97A /* Assets.xcassets */; };
		288340312C108EB90032D97A /* Preview Assets.xcassets in Resources */ = {isa = PBXBuildFile; fileRef = 288340302C108EB90032D97A /* Preview Assets.xcassets */; };
		288340382C1092900032D97A /* Router.swift in Sources */ = {isa = PBXBuildFile; fileRef = 288340372C1092900032D97A /* Router.swift */; };
		2883403F2C1093730032D97A /* Environment.swift in Sources */ = {isa = PBXBuildFile; fileRef = 2883403E2C1093730032D97A /* Environment.swift */; };
		288340422C1094B70032D97A /* NetworkError.swift in Sources */ = {isa = PBXBuildFile; fileRef = 288340412C1094B70032D97A /* NetworkError.swift */; };
		288340442C1094D70032D97A /* BaseAPIClient.swift in Sources */ = {isa = PBXBuildFile; fileRef = 288340432C1094D70032D97A /* BaseAPIClient.swift */; };
		288340462C1095370032D97A /* NetworkMonitor.swift in Sources */ = {isa = PBXBuildFile; fileRef = 288340452C1095370032D97A /* NetworkMonitor.swift */; };
		2883404B2C10A5E60032D97A /* SplashView.storyboard in Resources */ = {isa = PBXBuildFile; fileRef = 2883404A2C10A5E60032D97A /* SplashView.storyboard */; };
		2883404D2C10A7900032D97A /* HomeViewModel.swift in Sources */ = {isa = PBXBuildFile; fileRef = 2883404C2C10A7900032D97A /* HomeViewModel.swift */; };
		2883404F2C10A7B40032D97A /* HomeDataManager.swift in Sources */ = {isa = PBXBuildFile; fileRef = 2883404E2C10A7B40032D97A /* HomeDataManager.swift */; };
		288340512C10A7BF0032D97A /* CharacterAPIClient.swift in Sources */ = {isa = PBXBuildFile; fileRef = 288340502C10A7BF0032D97A /* CharacterAPIClient.swift */; };
		288340542C10AEE30032D97A /* Toolbar.swift in Sources */ = {isa = PBXBuildFile; fileRef = 288340532C10AEE30032D97A /* Toolbar.swift */; };
		288340562C10B3000032D97A /* CharacterListDecorator.swift in Sources */ = {isa = PBXBuildFile; fileRef = 288340552C10B3000032D97A /* CharacterListDecorator.swift */; };
		2883405D2C10B60D0032D97A /* ComicCharacterDataIn.swift in Sources */ = {isa = PBXBuildFile; fileRef = 2883405C2C10B60D0032D97A /* ComicCharacterDataIn.swift */; };
		288340622C10BDE30032D97A /* String+Extension.swift in Sources */ = {isa = PBXBuildFile; fileRef = 288340612C10BDE30032D97A /* String+Extension.swift */; };
		288340662C10DDE50032D97A /* CharacterDataClass.swift in Sources */ = {isa = PBXBuildFile; fileRef = 288340652C10DDE50032D97A /* CharacterDataClass.swift */; };
		288340682C10DE0B0032D97A /* CharacterResult.swift in Sources */ = {isa = PBXBuildFile; fileRef = 288340672C10DE0B0032D97A /* CharacterResult.swift */; };
		2883406C2C10DE770032D97A /* Comics.swift in Sources */ = {isa = PBXBuildFile; fileRef = 2883406B2C10DE770032D97A /* Comics.swift */; };
		2883406E2C10DE870032D97A /* ComicsItem.swift in Sources */ = {isa = PBXBuildFile; fileRef = 2883406D2C10DE870032D97A /* ComicsItem.swift */; };
		288340712C10DE9E0032D97A /* Stories.swift in Sources */ = {isa = PBXBuildFile; fileRef = 288340702C10DE9E0032D97A /* Stories.swift */; };
		288340732C10DEB50032D97A /* StoriesItem.swift in Sources */ = {isa = PBXBuildFile; fileRef = 288340722C10DEB50032D97A /* StoriesItem.swift */; };
		288340762C10DEFB0032D97A /* Thumbnail.swift in Sources */ = {isa = PBXBuildFile; fileRef = 288340752C10DEFB0032D97A /* Thumbnail.swift */; };
/* End PBXBuildFile section */

/* Begin PBXFileReference section */
		288340262C108EB70032D97A /* MarvelUI.app */ = {isa = PBXFileReference; explicitFileType = wrapper.application; includeInIndex = 0; path = MarvelUI.app; sourceTree = BUILT_PRODUCTS_DIR; };
		288340292C108EB70032D97A /* MarvelUIApp.swift */ = {isa = PBXFileReference; lastKnownFileType = sourcecode.swift; path = MarvelUIApp.swift; sourceTree = "<group>"; };
		2883402B2C108EB70032D97A /* HomeView.swift */ = {isa = PBXFileReference; lastKnownFileType = sourcecode.swift; path = HomeView.swift; sourceTree = "<group>"; };
		2883402D2C108EB90032D97A /* Assets.xcassets */ = {isa = PBXFileReference; lastKnownFileType = folder.assetcatalog; path = Assets.xcassets; sourceTree = "<group>"; };
		288340302C108EB90032D97A /* Preview Assets.xcassets */ = {isa = PBXFileReference; lastKnownFileType = folder.assetcatalog; path = "Preview Assets.xcassets"; sourceTree = "<group>"; };
		288340372C1092900032D97A /* Router.swift */ = {isa = PBXFileReference; lastKnownFileType = sourcecode.swift; path = Router.swift; sourceTree = "<group>"; };
		2883403E2C1093730032D97A /* Environment.swift */ = {isa = PBXFileReference; lastKnownFileType = sourcecode.swift; path = Environment.swift; sourceTree = "<group>"; };
		288340412C1094B70032D97A /* NetworkError.swift */ = {isa = PBXFileReference; lastKnownFileType = sourcecode.swift; path = NetworkError.swift; sourceTree = "<group>"; };
		288340432C1094D70032D97A /* BaseAPIClient.swift */ = {isa = PBXFileReference; lastKnownFileType = sourcecode.swift; path = BaseAPIClient.swift; sourceTree = "<group>"; };
		288340452C1095370032D97A /* NetworkMonitor.swift */ = {isa = PBXFileReference; lastKnownFileType = sourcecode.swift; path = NetworkMonitor.swift; sourceTree = "<group>"; };
		2883404A2C10A5E60032D97A /* SplashView.storyboard */ = {isa = PBXFileReference; lastKnownFileType = file.storyboard; path = SplashView.storyboard; sourceTree = "<group>"; };
		2883404C2C10A7900032D97A /* HomeViewModel.swift */ = {isa = PBXFileReference; lastKnownFileType = sourcecode.swift; path = HomeViewModel.swift; sourceTree = "<group>"; };
		2883404E2C10A7B40032D97A /* HomeDataManager.swift */ = {isa = PBXFileReference; lastKnownFileType = sourcecode.swift; path = HomeDataManager.swift; sourceTree = "<group>"; };
		288340502C10A7BF0032D97A /* CharacterAPIClient.swift */ = {isa = PBXFileReference; lastKnownFileType = sourcecode.swift; path = CharacterAPIClient.swift; sourceTree = "<group>"; };
		288340532C10AEE30032D97A /* Toolbar.swift */ = {isa = PBXFileReference; lastKnownFileType = sourcecode.swift; path = Toolbar.swift; sourceTree = "<group>"; };
		288340552C10B3000032D97A /* CharacterListDecorator.swift */ = {isa = PBXFileReference; lastKnownFileType = sourcecode.swift; path = CharacterListDecorator.swift; sourceTree = "<group>"; };
		2883405C2C10B60D0032D97A /* ComicCharacterDataIn.swift */ = {isa = PBXFileReference; lastKnownFileType = sourcecode.swift; path = ComicCharacterDataIn.swift; sourceTree = "<group>"; };
		288340612C10BDE30032D97A /* String+Extension.swift */ = {isa = PBXFileReference; lastKnownFileType = sourcecode.swift; path = "String+Extension.swift"; sourceTree = "<group>"; };
		288340632C10C4240032D97A /* Info.plist */ = {isa = PBXFileReference; lastKnownFileType = text.plist; path = Info.plist; sourceTree = "<group>"; };
		288340652C10DDE50032D97A /* CharacterDataClass.swift */ = {isa = PBXFileReference; lastKnownFileType = sourcecode.swift; path = CharacterDataClass.swift; sourceTree = "<group>"; };
		288340672C10DE0B0032D97A /* CharacterResult.swift */ = {isa = PBXFileReference; lastKnownFileType = sourcecode.swift; path = CharacterResult.swift; sourceTree = "<group>"; };
		2883406B2C10DE770032D97A /* Comics.swift */ = {isa = PBXFileReference; lastKnownFileType = sourcecode.swift; path = Comics.swift; sourceTree = "<group>"; };
		2883406D2C10DE870032D97A /* ComicsItem.swift */ = {isa = PBXFileReference; lastKnownFileType = sourcecode.swift; path = ComicsItem.swift; sourceTree = "<group>"; };
		288340702C10DE9E0032D97A /* Stories.swift */ = {isa = PBXFileReference; lastKnownFileType = sourcecode.swift; path = Stories.swift; sourceTree = "<group>"; };
		288340722C10DEB50032D97A /* StoriesItem.swift */ = {isa = PBXFileReference; lastKnownFileType = sourcecode.swift; path = StoriesItem.swift; sourceTree = "<group>"; };
		288340752C10DEFB0032D97A /* Thumbnail.swift */ = {isa = PBXFileReference; lastKnownFileType = sourcecode.swift; path = Thumbnail.swift; sourceTree = "<group>"; };
/* End PBXFileReference section */

/* Begin PBXFrameworksBuildPhase section */
		288340232C108EB70032D97A /* Frameworks */ = {
			isa = PBXFrameworksBuildPhase;
			buildActionMask = 2147483647;
			files = (
			);
			runOnlyForDeploymentPostprocessing = 0;
		};
/* End PBXFrameworksBuildPhase section */

/* Begin PBXGroup section */
		2883401D2C108EB70032D97A = {
			isa = PBXGroup;
			children = (
				288340282C108EB70032D97A /* MarvelUI */,
				288340272C108EB70032D97A /* Products */,
			);
			sourceTree = "<group>";
		};
		288340272C108EB70032D97A /* Products */ = {
			isa = PBXGroup;
			children = (
				288340262C108EB70032D97A /* MarvelUI.app */,
			);
			name = Products;
			sourceTree = "<group>";
		};
		288340282C108EB70032D97A /* MarvelUI */ = {
			isa = PBXGroup;
			children = (
				288340632C10C4240032D97A /* Info.plist */,
				288340292C108EB70032D97A /* MarvelUIApp.swift */,
				288340392C1092F70032D97A /* Code */,
				2883402D2C108EB90032D97A /* Assets.xcassets */,
				2883402F2C108EB90032D97A /* Preview Content */,
			);
			path = MarvelUI;
			sourceTree = "<group>";
		};
		2883402F2C108EB90032D97A /* Preview Content */ = {
			isa = PBXGroup;
			children = (
				288340302C108EB90032D97A /* Preview Assets.xcassets */,
			);
			path = "Preview Content";
			sourceTree = "<group>";
		};
		288340392C1092F70032D97A /* Code */ = {
			isa = PBXGroup;
			children = (
				288340602C10BDD80032D97A /* Extensions */,
				288340522C10AEDA0032D97A /* Components */,
				2883403A2C1092FD0032D97A /* Module */,
				2883403B2C1093050032D97A /* Config */,
				288340402C1093880032D97A /* Network */,
			);
			path = Code;
			sourceTree = "<group>";
		};
		2883403A2C1092FD0032D97A /* Module */ = {
			isa = PBXGroup;
			children = (
				288340742C10DEEF0032D97A /* Thumbnail */,
				2883406F2C10DE940032D97A /* Story */,
				288340692C10DE600032D97A /* Comic */,
				288340642C10DDC80032D97A /* Character */,
				2883403D2C10933A0032D97A /* Splash */,
				2883403C2C1093340032D97A /* Home */,
			);
			path = Module;
			sourceTree = "<group>";
		};
		2883403B2C1093050032D97A /* Config */ = {
			isa = PBXGroup;
			children = (
				288340372C1092900032D97A /* Router.swift */,
				2883403E2C1093730032D97A /* Environment.swift */,
			);
			path = Config;
			sourceTree = "<group>";
		};
		2883403C2C1093340032D97A /* Home */ = {
			isa = PBXGroup;
			children = (
				2883405B2C10B44E0032D97A /* Decorator */,
				2883405A2C10B4430032D97A /* Model */,
				288340592C10B4370032D97A /* View */,
			);
			path = Home;
			sourceTree = "<group>";
		};
		2883403D2C10933A0032D97A /* Splash */ = {
			isa = PBXGroup;
			children = (
				2883404A2C10A5E60032D97A /* SplashView.storyboard */,
			);
			path = Splash;
			sourceTree = "<group>";
		};
		288340402C1093880032D97A /* Network */ = {
			isa = PBXGroup;
			children = (
				288340412C1094B70032D97A /* NetworkError.swift */,
				288340452C1095370032D97A /* NetworkMonitor.swift */,
				288340432C1094D70032D97A /* BaseAPIClient.swift */,
			);
			path = Network;
			sourceTree = "<group>";
		};
		288340522C10AEDA0032D97A /* Components */ = {
			isa = PBXGroup;
			children = (
				288340532C10AEE30032D97A /* Toolbar.swift */,
			);
			path = Components;
			sourceTree = "<group>";
		};
		288340592C10B4370032D97A /* View */ = {
			isa = PBXGroup;
			children = (
				2883402B2C108EB70032D97A /* HomeView.swift */,
				2883404C2C10A7900032D97A /* HomeViewModel.swift */,
			);
			path = View;
			sourceTree = "<group>";
		};
		2883405A2C10B4430032D97A /* Model */ = {
			isa = PBXGroup;
			children = (
				2883404E2C10A7B40032D97A /* HomeDataManager.swift */,
				288340502C10A7BF0032D97A /* CharacterAPIClient.swift */,
			);
			path = Model;
			sourceTree = "<group>";
		};
		2883405B2C10B44E0032D97A /* Decorator */ = {
			isa = PBXGroup;
			children = (
				288340552C10B3000032D97A /* CharacterListDecorator.swift */,
			);
			path = Decorator;
			sourceTree = "<group>";
		};
		288340602C10BDD80032D97A /* Extensions */ = {
			isa = PBXGroup;
			children = (
				288340612C10BDE30032D97A /* String+Extension.swift */,
			);
			path = Extensions;
			sourceTree = "<group>";
		};
		288340642C10DDC80032D97A /* Character */ = {
			isa = PBXGroup;
			children = (
				2883405C2C10B60D0032D97A /* ComicCharacterDataIn.swift */,
				288340652C10DDE50032D97A /* CharacterDataClass.swift */,
				288340672C10DE0B0032D97A /* CharacterResult.swift */,
			);
			path = Character;
			sourceTree = "<group>";
		};
		288340692C10DE600032D97A /* Comic */ = {
			isa = PBXGroup;
			children = (
				2883406B2C10DE770032D97A /* Comics.swift */,
				2883406D2C10DE870032D97A /* ComicsItem.swift */,
			);
			path = Comic;
			sourceTree = "<group>";
		};
		2883406F2C10DE940032D97A /* Story */ = {
			isa = PBXGroup;
			children = (
				288340702C10DE9E0032D97A /* Stories.swift */,
				288340722C10DEB50032D97A /* StoriesItem.swift */,
			);
			path = Story;
			sourceTree = "<group>";
		};
		288340742C10DEEF0032D97A /* Thumbnail */ = {
			isa = PBXGroup;
			children = (
				288340752C10DEFB0032D97A /* Thumbnail.swift */,
			);
			path = Thumbnail;
			sourceTree = "<group>";
		};
/* End PBXGroup section */

/* Begin PBXNativeTarget section */
		288340252C108EB70032D97A /* MarvelUI */ = {
			isa = PBXNativeTarget;
			buildConfigurationList = 288340342C108EB90032D97A /* Build configuration list for PBXNativeTarget "MarvelUI" */;
			buildPhases = (
				288340222C108EB70032D97A /* Sources */,
				288340232C108EB70032D97A /* Frameworks */,
				288340242C108EB70032D97A /* Resources */,
			);
			buildRules = (
			);
			dependencies = (
			);
			name = MarvelUI;
			productName = MarvelUI;
			productReference = 288340262C108EB70032D97A /* MarvelUI.app */;
			productType = "com.apple.product-type.application";
		};
/* End PBXNativeTarget section */

/* Begin PBXProject section */
		2883401E2C108EB70032D97A /* Project object */ = {
			isa = PBXProject;
			attributes = {
				BuildIndependentTargetsInParallel = 1;
				LastSwiftUpdateCheck = 1540;
				LastUpgradeCheck = 1540;
				TargetAttributes = {
					288340252C108EB70032D97A = {
						CreatedOnToolsVersion = 15.4;
					};
				};
			};
			buildConfigurationList = 288340212C108EB70032D97A /* Build configuration list for PBXProject "MarvelUI" */;
			compatibilityVersion = "Xcode 14.0";
			developmentRegion = en;
			hasScannedForEncodings = 0;
			knownRegions = (
				en,
				Base,
			);
			mainGroup = 2883401D2C108EB70032D97A;
			productRefGroup = 288340272C108EB70032D97A /* Products */;
			projectDirPath = "";
			projectRoot = "";
			targets = (
				288340252C108EB70032D97A /* MarvelUI */,
			);
		};
/* End PBXProject section */

/* Begin PBXResourcesBuildPhase section */
		288340242C108EB70032D97A /* Resources */ = {
			isa = PBXResourcesBuildPhase;
			buildActionMask = 2147483647;
			files = (
				288340312C108EB90032D97A /* Preview Assets.xcassets in Resources */,
				2883404B2C10A5E60032D97A /* SplashView.storyboard in Resources */,
				2883402E2C108EB90032D97A /* Assets.xcassets in Resources */,
			);
			runOnlyForDeploymentPostprocessing = 0;
		};
/* End PBXResourcesBuildPhase section */

/* Begin PBXSourcesBuildPhase section */
		288340222C108EB70032D97A /* Sources */ = {
			isa = PBXSourcesBuildPhase;
			buildActionMask = 2147483647;
			files = (
				2883402C2C108EB70032D97A /* HomeView.swift in Sources */,
				288340662C10DDE50032D97A /* CharacterDataClass.swift in Sources */,
				288340542C10AEE30032D97A /* Toolbar.swift in Sources */,
				2883404F2C10A7B40032D97A /* HomeDataManager.swift in Sources */,
				2883403F2C1093730032D97A /* Environment.swift in Sources */,
				288340712C10DE9E0032D97A /* Stories.swift in Sources */,
				288340442C1094D70032D97A /* BaseAPIClient.swift in Sources */,
				2883404D2C10A7900032D97A /* HomeViewModel.swift in Sources */,
				2883406C2C10DE770032D97A /* Comics.swift in Sources */,
				2883405D2C10B60D0032D97A /* ComicCharacterDataIn.swift in Sources */,
				288340382C1092900032D97A /* Router.swift in Sources */,
				288340562C10B3000032D97A /* CharacterListDecorator.swift in Sources */,
				288340732C10DEB50032D97A /* StoriesItem.swift in Sources */,
				2883402A2C108EB70032D97A /* MarvelUIApp.swift in Sources */,
				288340512C10A7BF0032D97A /* CharacterAPIClient.swift in Sources */,
				288340682C10DE0B0032D97A /* CharacterResult.swift in Sources */,
				2883406E2C10DE870032D97A /* ComicsItem.swift in Sources */,
				288340422C1094B70032D97A /* NetworkError.swift in Sources */,
				288340462C1095370032D97A /* NetworkMonitor.swift in Sources */,
				288340622C10BDE30032D97A /* String+Extension.swift in Sources */,
				288340762C10DEFB0032D97A /* Thumbnail.swift in Sources */,
			);
			runOnlyForDeploymentPostprocessing = 0;
		};
/* End PBXSourcesBuildPhase section */

/* Begin XCBuildConfiguration section */
		288340322C108EB90032D97A /* Debug */ = {
			isa = XCBuildConfiguration;
			buildSettings = {
				ALWAYS_SEARCH_USER_PATHS = NO;
				ASSETCATALOG_COMPILER_GENERATE_SWIFT_ASSET_SYMBOL_EXTENSIONS = YES;
				CLANG_ANALYZER_NONNULL = YES;
				CLANG_ANALYZER_NUMBER_OBJECT_CONVERSION = YES_AGGRESSIVE;
				CLANG_CXX_LANGUAGE_STANDARD = "gnu++20";
				CLANG_ENABLE_MODULES = YES;
				CLANG_ENABLE_OBJC_ARC = YES;
				CLANG_ENABLE_OBJC_WEAK = YES;
				CLANG_WARN_BLOCK_CAPTURE_AUTORELEASING = YES;
				CLANG_WARN_BOOL_CONVERSION = YES;
				CLANG_WARN_COMMA = YES;
				CLANG_WARN_CONSTANT_CONVERSION = YES;
				CLANG_WARN_DEPRECATED_OBJC_IMPLEMENTATIONS = YES;
				CLANG_WARN_DIRECT_OBJC_ISA_USAGE = YES_ERROR;
				CLANG_WARN_DOCUMENTATION_COMMENTS = YES;
				CLANG_WARN_EMPTY_BODY = YES;
				CLANG_WARN_ENUM_CONVERSION = YES;
				CLANG_WARN_INFINITE_RECURSION = YES;
				CLANG_WARN_INT_CONVERSION = YES;
				CLANG_WARN_NON_LITERAL_NULL_CONVERSION = YES;
				CLANG_WARN_OBJC_IMPLICIT_RETAIN_SELF = YES;
				CLANG_WARN_OBJC_LITERAL_CONVERSION = YES;
				CLANG_WARN_OBJC_ROOT_CLASS = YES_ERROR;
				CLANG_WARN_QUOTED_INCLUDE_IN_FRAMEWORK_HEADER = YES;
				CLANG_WARN_RANGE_LOOP_ANALYSIS = YES;
				CLANG_WARN_STRICT_PROTOTYPES = YES;
				CLANG_WARN_SUSPICIOUS_MOVE = YES;
				CLANG_WARN_UNGUARDED_AVAILABILITY = YES_AGGRESSIVE;
				CLANG_WARN_UNREACHABLE_CODE = YES;
				CLANG_WARN__DUPLICATE_METHOD_MATCH = YES;
				COPY_PHASE_STRIP = NO;
				DEBUG_INFORMATION_FORMAT = dwarf;
				ENABLE_STRICT_OBJC_MSGSEND = YES;
				ENABLE_TESTABILITY = YES;
				ENABLE_USER_SCRIPT_SANDBOXING = YES;
				GCC_C_LANGUAGE_STANDARD = gnu17;
				GCC_DYNAMIC_NO_PIC = NO;
				GCC_NO_COMMON_BLOCKS = YES;
				GCC_OPTIMIZATION_LEVEL = 0;
				GCC_PREPROCESSOR_DEFINITIONS = (
					"DEBUG=1",
					"$(inherited)",
				);
				GCC_WARN_64_TO_32_BIT_CONVERSION = YES;
				GCC_WARN_ABOUT_RETURN_TYPE = YES_ERROR;
				GCC_WARN_UNDECLARED_SELECTOR = YES;
				GCC_WARN_UNINITIALIZED_AUTOS = YES_AGGRESSIVE;
				GCC_WARN_UNUSED_FUNCTION = YES;
				GCC_WARN_UNUSED_VARIABLE = YES;
				IPHONEOS_DEPLOYMENT_TARGET = 16.0;
				LOCALIZATION_PREFERS_STRING_CATALOGS = YES;
				MTL_ENABLE_DEBUG_INFO = INCLUDE_SOURCE;
				MTL_FAST_MATH = YES;
				ONLY_ACTIVE_ARCH = YES;
				SDKROOT = iphoneos;
				SWIFT_ACTIVE_COMPILATION_CONDITIONS = "DEBUG $(inherited)";
				SWIFT_OPTIMIZATION_LEVEL = "-Onone";
			};
			name = Debug;
		};
		288340332C108EB90032D97A /* Release */ = {
			isa = XCBuildConfiguration;
			buildSettings = {
				ALWAYS_SEARCH_USER_PATHS = NO;
				ASSETCATALOG_COMPILER_GENERATE_SWIFT_ASSET_SYMBOL_EXTENSIONS = YES;
				CLANG_ANALYZER_NONNULL = YES;
				CLANG_ANALYZER_NUMBER_OBJECT_CONVERSION = YES_AGGRESSIVE;
				CLANG_CXX_LANGUAGE_STANDARD = "gnu++20";
				CLANG_ENABLE_MODULES = YES;
				CLANG_ENABLE_OBJC_ARC = YES;
				CLANG_ENABLE_OBJC_WEAK = YES;
				CLANG_WARN_BLOCK_CAPTURE_AUTORELEASING = YES;
				CLANG_WARN_BOOL_CONVERSION = YES;
				CLANG_WARN_COMMA = YES;
				CLANG_WARN_CONSTANT_CONVERSION = YES;
				CLANG_WARN_DEPRECATED_OBJC_IMPLEMENTATIONS = YES;
				CLANG_WARN_DIRECT_OBJC_ISA_USAGE = YES_ERROR;
				CLANG_WARN_DOCUMENTATION_COMMENTS = YES;
				CLANG_WARN_EMPTY_BODY = YES;
				CLANG_WARN_ENUM_CONVERSION = YES;
				CLANG_WARN_INFINITE_RECURSION = YES;
				CLANG_WARN_INT_CONVERSION = YES;
				CLANG_WARN_NON_LITERAL_NULL_CONVERSION = YES;
				CLANG_WARN_OBJC_IMPLICIT_RETAIN_SELF = YES;
				CLANG_WARN_OBJC_LITERAL_CONVERSION = YES;
				CLANG_WARN_OBJC_ROOT_CLASS = YES_ERROR;
				CLANG_WARN_QUOTED_INCLUDE_IN_FRAMEWORK_HEADER = YES;
				CLANG_WARN_RANGE_LOOP_ANALYSIS = YES;
				CLANG_WARN_STRICT_PROTOTYPES = YES;
				CLANG_WARN_SUSPICIOUS_MOVE = YES;
				CLANG_WARN_UNGUARDED_AVAILABILITY = YES_AGGRESSIVE;
				CLANG_WARN_UNREACHABLE_CODE = YES;
				CLANG_WARN__DUPLICATE_METHOD_MATCH = YES;
				COPY_PHASE_STRIP = NO;
				DEBUG_INFORMATION_FORMAT = "dwarf-with-dsym";
				ENABLE_NS_ASSERTIONS = NO;
				ENABLE_STRICT_OBJC_MSGSEND = YES;
				ENABLE_USER_SCRIPT_SANDBOXING = YES;
				GCC_C_LANGUAGE_STANDARD = gnu17;
				GCC_NO_COMMON_BLOCKS = YES;
				GCC_WARN_64_TO_32_BIT_CONVERSION = YES;
				GCC_WARN_ABOUT_RETURN_TYPE = YES_ERROR;
				GCC_WARN_UNDECLARED_SELECTOR = YES;
				GCC_WARN_UNINITIALIZED_AUTOS = YES_AGGRESSIVE;
				GCC_WARN_UNUSED_FUNCTION = YES;
				GCC_WARN_UNUSED_VARIABLE = YES;
				IPHONEOS_DEPLOYMENT_TARGET = 16.0;
				LOCALIZATION_PREFERS_STRING_CATALOGS = YES;
				MTL_ENABLE_DEBUG_INFO = NO;
				MTL_FAST_MATH = YES;
				SDKROOT = iphoneos;
				SWIFT_COMPILATION_MODE = wholemodule;
				VALIDATE_PRODUCT = YES;
			};
			name = Release;
		};
		288340352C108EB90032D97A /* Debug */ = {
			isa = XCBuildConfiguration;
			buildSettings = {
				ASSETCATALOG_COMPILER_APPICON_NAME = AppIcon;
				ASSETCATALOG_COMPILER_GLOBAL_ACCENT_COLOR_NAME = AccentColor;
				CODE_SIGN_STYLE = Automatic;
				CURRENT_PROJECT_VERSION = 1;
				DEVELOPMENT_ASSET_PATHS = "\"MarvelUI/Preview Content\"";
				DEVELOPMENT_TEAM = KB6MXUCGP3;
				ENABLE_PREVIEWS = YES;
				GENERATE_INFOPLIST_FILE = YES;
				INFOPLIST_FILE = MarvelUI/Info.plist;
				INFOPLIST_KEY_UIApplicationSceneManifest_Generation = YES;
				INFOPLIST_KEY_UIApplicationSupportsIndirectInputEvents = YES;
				INFOPLIST_KEY_UILaunchStoryboardName = SplashView.storyboard;
				INFOPLIST_KEY_UISupportedInterfaceOrientations_iPad = "UIInterfaceOrientationPortrait UIInterfaceOrientationPortraitUpsideDown UIInterfaceOrientationLandscapeLeft UIInterfaceOrientationLandscapeRight";
				INFOPLIST_KEY_UISupportedInterfaceOrientations_iPhone = "UIInterfaceOrientationPortrait UIInterfaceOrientationLandscapeLeft UIInterfaceOrientationLandscapeRight";
				LD_RUNPATH_SEARCH_PATHS = (
					"$(inherited)",
					"@executable_path/Frameworks",
				);
				MARKETING_VERSION = 1.0;
				PRODUCT_BUNDLE_IDENTIFIER = com.abbydomi.MarvelUI;
				PRODUCT_NAME = "$(TARGET_NAME)";
				SWIFT_EMIT_LOC_STRINGS = YES;
				SWIFT_VERSION = 5.0;
				TARGETED_DEVICE_FAMILY = "1,2";
			};
			name = Debug;
		};
		288340362C108EB90032D97A /* Release */ = {
			isa = XCBuildConfiguration;
			buildSettings = {
				ASSETCATALOG_COMPILER_APPICON_NAME = AppIcon;
				ASSETCATALOG_COMPILER_GLOBAL_ACCENT_COLOR_NAME = AccentColor;
				CODE_SIGN_STYLE = Automatic;
				CURRENT_PROJECT_VERSION = 1;
				DEVELOPMENT_ASSET_PATHS = "\"MarvelUI/Preview Content\"";
				DEVELOPMENT_TEAM = KB6MXUCGP3;
				ENABLE_PREVIEWS = YES;
				GENERATE_INFOPLIST_FILE = YES;
				INFOPLIST_FILE = MarvelUI/Info.plist;
				INFOPLIST_KEY_UIApplicationSceneManifest_Generation = YES;
				INFOPLIST_KEY_UIApplicationSupportsIndirectInputEvents = YES;
				INFOPLIST_KEY_UILaunchStoryboardName = SplashView.storyboard;
				INFOPLIST_KEY_UISupportedInterfaceOrientations_iPad = "UIInterfaceOrientationPortrait UIInterfaceOrientationPortraitUpsideDown UIInterfaceOrientationLandscapeLeft UIInterfaceOrientationLandscapeRight";
				INFOPLIST_KEY_UISupportedInterfaceOrientations_iPhone = "UIInterfaceOrientationPortrait UIInterfaceOrientationLandscapeLeft UIInterfaceOrientationLandscapeRight";
				LD_RUNPATH_SEARCH_PATHS = (
					"$(inherited)",
					"@executable_path/Frameworks",
				);
				MARKETING_VERSION = 1.0;
				PRODUCT_BUNDLE_IDENTIFIER = com.abbydomi.MarvelUI;
				PRODUCT_NAME = "$(TARGET_NAME)";
				SWIFT_EMIT_LOC_STRINGS = YES;
				SWIFT_VERSION = 5.0;
				TARGETED_DEVICE_FAMILY = "1,2";
			};
			name = Release;
		};
/* End XCBuildConfiguration section */

/* Begin XCConfigurationList section */
		288340212C108EB70032D97A /* Build configuration list for PBXProject "MarvelUI" */ = {
			isa = XCConfigurationList;
			buildConfigurations = (
				288340322C108EB90032D97A /* Debug */,
				288340332C108EB90032D97A /* Release */,
			);
			defaultConfigurationIsVisible = 0;
			defaultConfigurationName = Release;
		};
		288340342C108EB90032D97A /* Build configuration list for PBXNativeTarget "MarvelUI" */ = {
			isa = XCConfigurationList;
			buildConfigurations = (
				288340352C108EB90032D97A /* Debug */,
				288340362C108EB90032D97A /* Release */,
			);
			defaultConfigurationIsVisible = 0;
			defaultConfigurationName = Release;
		};
/* End XCConfigurationList section */
	};
	rootObject = 2883401E2C108EB70032D97A /* Project object */;
}
